
Microsoft Visual Studio Solution File, Format Version 12.00
# Visual Studio Version 17
VisualStudioVersion = 17.3.32901.215
MinimumVisualStudioVersion = 10.0.40219.1
Project("{FAE04EC0-301F-11D3-BF4B-00C04F79EFBC}") = "BIKE SHOP", "BIKE SHOP\BIKE SHOP.csproj", "{2E208844-5FAC-43DE-B3BC-7E040FAC6365}"
EndProject
Global
	GlobalSection(SolutionConfigurationPlatforms) = preSolution
		Debug|Any CPU = Debug|Any CPU
		Release|Any CPU = Release|Any CPU
	EndGlobalSection
	GlobalSection(ProjectConfigurationPlatforms) = postSolution
		{2E208844-5FAC-43DE-B3BC-7E040FAC6365}.Debug|Any CPU.ActiveCfg = Debug|Any CPU
		{2E208844-5FAC-43DE-B3BC-7E040FAC6365}.Debug|Any CPU.Build.0 = Debug|Any CPU
		{2E208844-5FAC-43DE-B3BC-7E040FAC6365}.Release|Any CPU.ActiveCfg = Release|Any CPU
		{2E208844-5FAC-43DE-B3BC-7E040FAC6365}.Release|Any CPU.Build.0 = Release|Any CPU
	EndGlobalSection
	GlobalSection(SolutionProperties) = preSolution
		HideSolutionNode = FALSE
	EndGlobalSection
	GlobalSection(ExtensibilityGlobals) = postSolution
		SolutionGuid = {05270340-51D9-49FA-AB32-505707FDA4B0}
	EndGlobalSection
EndGlobal
